
Microsoft Visual Studio Solution File, Format Version 12.00
# Visual Studio 15
VisualStudioVersion = 15.0.28010.2048
MinimumVisualStudioVersion = 10.0.40219.1
Project("{FAE04EC0-301F-11D3-BF4B-00C04F79EFBC}") = "CRUDMedSql", "CRUDMedSql\CRUDMedSql.csproj", "{405265A7-3136-4E32-B678-AC45884419F3}"
EndProject
Global
	GlobalSection(SolutionConfigurationPlatforms) = preSolution
		Debug|Any CPU = Debug|Any CPU
		Release|Any CPU = Release|Any CPU
	EndGlobalSection
	GlobalSection(ProjectConfigurationPlatforms) = postSolution
		{405265A7-3136-4E32-B678-AC45884419F3}.Debug|Any CPU.ActiveCfg = Debug|Any CPU
		{405265A7-3136-4E32-B678-AC45884419F3}.Debug|Any CPU.Build.0 = Debug|Any CPU
		{405265A7-3136-4E32-B678-AC45884419F3}.Release|Any CPU.ActiveCfg = Release|Any CPU
		{405265A7-3136-4E32-B678-AC45884419F3}.Release|Any CPU.Build.0 = Release|Any CPU
	EndGlobalSection
	GlobalSection(SolutionProperties) = preSolution
		HideSolutionNode = FALSE
	EndGlobalSection
	GlobalSection(ExtensibilityGlobals) = postSolution
		SolutionGuid = {F133B19B-FA94-4E9C-A229-6BD312292ADF}
	EndGlobalSection
EndGlobal
